// !$*UTF8*$!
{
	archiveVersion = 1;
	classes = {
	};
	objectVersion = 46;
	objects = {

/* Begin PBXBuildFile section */
		8B2C54D71D946307005E1481 /* NowPlayingQuickBar.swift in Sources */ = {isa = PBXBuildFile; fileRef = 8B2C54D61D946307005E1481 /* NowPlayingQuickBar.swift */; };
		8B2C54D91D94645C005E1481 /* Constants.swift in Sources */ = {isa = PBXBuildFile; fileRef = 8B2C54D81D94645C005E1481 /* Constants.swift */; };
		8B2C54DB1D94781F005E1481 /* NowPlayingQuickBar+SetUp.swift in Sources */ = {isa = PBXBuildFile; fileRef = 8B2C54DA1D94781F005E1481 /* NowPlayingQuickBar+SetUp.swift */; };
		8B7B948C1D94BCEF005B9B63 /* OpenTabBarController.swift in Sources */ = {isa = PBXBuildFile; fileRef = 8B7B948B1D94BCEF005B9B63 /* OpenTabBarController.swift */; };
		8BB1083A1D92F39400CD2238 /* AppDelegate.swift in Sources */ = {isa = PBXBuildFile; fileRef = 8BB108391D92F39400CD2238 /* AppDelegate.swift */; };
		8BB108411D92F39400CD2238 /* Main.storyboard in Resources */ = {isa = PBXBuildFile; fileRef = 8BB1083F1D92F39400CD2238 /* Main.storyboard */; };
		8BB108431D92F39500CD2238 /* Assets.xcassets in Resources */ = {isa = PBXBuildFile; fileRef = 8BB108421D92F39500CD2238 /* Assets.xcassets */; };
		8BB108461D92F39500CD2238 /* LaunchScreen.storyboard in Resources */ = {isa = PBXBuildFile; fileRef = 8BB108441D92F39500CD2238 /* LaunchScreen.storyboard */; };
		8BB1084E1D92F3E700CD2238 /* SeekBar.swift in Sources */ = {isa = PBXBuildFile; fileRef = 8BB1084D1D92F3E700CD2238 /* SeekBar.swift */; };
		8BB108501D92F3ED00CD2238 /* IconControl.swift in Sources */ = {isa = PBXBuildFile; fileRef = 8BB1084F1D92F3ED00CD2238 /* IconControl.swift */; };
		8BB1086E1D92FF5100CD2238 /* MusicManager.swift in Sources */ = {isa = PBXBuildFile; fileRef = 8BB1086D1D92FF5100CD2238 /* MusicManager.swift */; };
		8BB108731D9302B400CD2238 /* MusicViewController.swift in Sources */ = {isa = PBXBuildFile; fileRef = 8BB108721D9302B400CD2238 /* MusicViewController.swift */; };
		8BB108751D9302D600CD2238 /* PlaylistsViewController.swift in Sources */ = {isa = PBXBuildFile; fileRef = 8BB108741D9302D600CD2238 /* PlaylistsViewController.swift */; };
		8BB108771D9302E200CD2238 /* EqualizerViewController.swift in Sources */ = {isa = PBXBuildFile; fileRef = 8BB108761D9302E200CD2238 /* EqualizerViewController.swift */; };
		8BB108791D9302E900CD2238 /* SettingsViewController.swift in Sources */ = {isa = PBXBuildFile; fileRef = 8BB108781D9302E900CD2238 /* SettingsViewController.swift */; };
		8BB1087F1D93084500CD2238 /* BasicSongCell.xib in Resources */ = {isa = PBXBuildFile; fileRef = 8BB1087D1D93084500CD2238 /* BasicSongCell.xib */; };
		8BB108811D93093C00CD2238 /* BasicSongCell.swift in Sources */ = {isa = PBXBuildFile; fileRef = 8BB108801D93093C00CD2238 /* BasicSongCell.swift */; };
		8BB108831D930C7700CD2238 /* MusicViewController+TableViewDelegateDatasource.swift in Sources */ = {isa = PBXBuildFile; fileRef = 8BB108821D930C7700CD2238 /* MusicViewController+TableViewDelegateDatasource.swift */; };
		8BB108851D932CEC00CD2238 /* SideKick.swift in Sources */ = {isa = PBXBuildFile; fileRef = 8BB108841D932CEC00CD2238 /* SideKick.swift */; };
		8BB108871D93629100CD2238 /* NowPlayingViewController.swift in Sources */ = {isa = PBXBuildFile; fileRef = 8BB108861D93629100CD2238 /* NowPlayingViewController.swift */; };
		8BB108891D936A8000CD2238 /* NowPlayingViewController+IBActions.swift in Sources */ = {isa = PBXBuildFile; fileRef = 8BB108881D936A8000CD2238 /* NowPlayingViewController+IBActions.swift */; };
		8BE744641D93B96E0014DE31 /* NowPlayingViewController+TimerMethods.swift in Sources */ = {isa = PBXBuildFile; fileRef = 8BE744631D93B96E0014DE31 /* NowPlayingViewController+TimerMethods.swift */; };
		8BE744661D93B9CA0014DE31 /* NowPlayingViewController+DisplayMethods.swift in Sources */ = {isa = PBXBuildFile; fileRef = 8BE744651D93B9CA0014DE31 /* NowPlayingViewController+DisplayMethods.swift */; };
		8BE7446A1D93CBDF0014DE31 /* MPVolumeView+SliderAccess.swift in Sources */ = {isa = PBXBuildFile; fileRef = 8BE744691D93CBDF0014DE31 /* MPVolumeView+SliderAccess.swift */; };
/* End PBXBuildFile section */

/* Begin PBXCopyFilesBuildPhase section */
		8BB108671D92F4ED00CD2238 /* Embed Frameworks */ = {
			isa = PBXCopyFilesBuildPhase;
			buildActionMask = 2147483647;
			dstPath = "";
			dstSubfolderSpec = 10;
			files = (
			);
			name = "Embed Frameworks";
			runOnlyForDeploymentPostprocessing = 0;
		};
/* End PBXCopyFilesBuildPhase section */

/* Begin PBXFileReference section */
		8B2C54D61D946307005E1481 /* NowPlayingQuickBar.swift */ = {isa = PBXFileReference; fileEncoding = 4; lastKnownFileType = sourcecode.swift; path = NowPlayingQuickBar.swift; sourceTree = "<group>"; };
		8B2C54D81D94645C005E1481 /* Constants.swift */ = {isa = PBXFileReference; fileEncoding = 4; lastKnownFileType = sourcecode.swift; path = Constants.swift; sourceTree = "<group>"; };
		8B2C54DA1D94781F005E1481 /* NowPlayingQuickBar+SetUp.swift */ = {isa = PBXFileReference; fileEncoding = 4; lastKnownFileType = sourcecode.swift; path = "NowPlayingQuickBar+SetUp.swift"; sourceTree = "<group>"; };
		8B7B948B1D94BCEF005B9B63 /* OpenTabBarController.swift */ = {isa = PBXFileReference; fileEncoding = 4; lastKnownFileType = sourcecode.swift; path = OpenTabBarController.swift; sourceTree = "<group>"; };
		8BB108361D92F39400CD2238 /* eminenceMusicPlayer.app */ = {isa = PBXFileReference; explicitFileType = wrapper.application; includeInIndex = 0; path = eminenceMusicPlayer.app; sourceTree = BUILT_PRODUCTS_DIR; };
		8BB108391D92F39400CD2238 /* AppDelegate.swift */ = {isa = PBXFileReference; lastKnownFileType = sourcecode.swift; path = AppDelegate.swift; sourceTree = "<group>"; };
		8BB108401D92F39400CD2238 /* Base */ = {isa = PBXFileReference; lastKnownFileType = file.storyboard; name = Base; path = Base.lproj/Main.storyboard; sourceTree = "<group>"; };
		8BB108421D92F39500CD2238 /* Assets.xcassets */ = {isa = PBXFileReference; lastKnownFileType = folder.assetcatalog; path = Assets.xcassets; sourceTree = "<group>"; };
		8BB108451D92F39500CD2238 /* Base */ = {isa = PBXFileReference; lastKnownFileType = file.storyboard; name = Base; path = Base.lproj/LaunchScreen.storyboard; sourceTree = "<group>"; };
		8BB108471D92F39500CD2238 /* Info.plist */ = {isa = PBXFileReference; lastKnownFileType = text.plist.xml; path = Info.plist; sourceTree = "<group>"; };
		8BB1084D1D92F3E700CD2238 /* SeekBar.swift */ = {isa = PBXFileReference; fileEncoding = 4; lastKnownFileType = sourcecode.swift; path = SeekBar.swift; sourceTree = "<group>"; };
		8BB1084F1D92F3ED00CD2238 /* IconControl.swift */ = {isa = PBXFileReference; fileEncoding = 4; lastKnownFileType = sourcecode.swift; path = IconControl.swift; sourceTree = "<group>"; };
		8BB1086D1D92FF5100CD2238 /* MusicManager.swift */ = {isa = PBXFileReference; fileEncoding = 4; lastKnownFileType = sourcecode.swift; path = MusicManager.swift; sourceTree = "<group>"; };
		8BB108721D9302B400CD2238 /* MusicViewController.swift */ = {isa = PBXFileReference; fileEncoding = 4; lastKnownFileType = sourcecode.swift; path = MusicViewController.swift; sourceTree = "<group>"; };
		8BB108741D9302D600CD2238 /* PlaylistsViewController.swift */ = {isa = PBXFileReference; fileEncoding = 4; lastKnownFileType = sourcecode.swift; path = PlaylistsViewController.swift; sourceTree = "<group>"; };
		8BB108761D9302E200CD2238 /* EqualizerViewController.swift */ = {isa = PBXFileReference; fileEncoding = 4; lastKnownFileType = sourcecode.swift; path = EqualizerViewController.swift; sourceTree = "<group>"; };
		8BB108781D9302E900CD2238 /* SettingsViewController.swift */ = {isa = PBXFileReference; fileEncoding = 4; lastKnownFileType = sourcecode.swift; path = SettingsViewController.swift; sourceTree = "<group>"; };
		8BB1087D1D93084500CD2238 /* BasicSongCell.xib */ = {isa = PBXFileReference; fileEncoding = 4; lastKnownFileType = file.xib; path = BasicSongCell.xib; sourceTree = "<group>"; };
		8BB108801D93093C00CD2238 /* BasicSongCell.swift */ = {isa = PBXFileReference; fileEncoding = 4; lastKnownFileType = sourcecode.swift; path = BasicSongCell.swift; sourceTree = "<group>"; };
		8BB108821D930C7700CD2238 /* MusicViewController+TableViewDelegateDatasource.swift */ = {isa = PBXFileReference; fileEncoding = 4; lastKnownFileType = sourcecode.swift; path = "MusicViewController+TableViewDelegateDatasource.swift"; sourceTree = "<group>"; };
		8BB108841D932CEC00CD2238 /* SideKick.swift */ = {isa = PBXFileReference; fileEncoding = 4; lastKnownFileType = sourcecode.swift; path = SideKick.swift; sourceTree = "<group>"; };
		8BB108861D93629100CD2238 /* NowPlayingViewController.swift */ = {isa = PBXFileReference; fileEncoding = 4; lastKnownFileType = sourcecode.swift; path = NowPlayingViewController.swift; sourceTree = "<group>"; };
		8BB108881D936A8000CD2238 /* NowPlayingViewController+IBActions.swift */ = {isa = PBXFileReference; fileEncoding = 4; lastKnownFileType = sourcecode.swift; path = "NowPlayingViewController+IBActions.swift"; sourceTree = "<group>"; };
		8BE744631D93B96E0014DE31 /* NowPlayingViewController+TimerMethods.swift */ = {isa = PBXFileReference; fileEncoding = 4; lastKnownFileType = sourcecode.swift; path = "NowPlayingViewController+TimerMethods.swift"; sourceTree = "<group>"; };
		8BE744651D93B9CA0014DE31 /* NowPlayingViewController+DisplayMethods.swift */ = {isa = PBXFileReference; fileEncoding = 4; lastKnownFileType = sourcecode.swift; path = "NowPlayingViewController+DisplayMethods.swift"; sourceTree = "<group>"; };
		8BE744691D93CBDF0014DE31 /* MPVolumeView+SliderAccess.swift */ = {isa = PBXFileReference; fileEncoding = 4; lastKnownFileType = sourcecode.swift; path = "MPVolumeView+SliderAccess.swift"; sourceTree = "<group>"; };
/* End PBXFileReference section */

/* Begin PBXFrameworksBuildPhase section */
		8BB108331D92F39400CD2238 /* Frameworks */ = {
			isa = PBXFrameworksBuildPhase;
			buildActionMask = 2147483647;
			files = (
			);
			runOnlyForDeploymentPostprocessing = 0;
		};
/* End PBXFrameworksBuildPhase section */

/* Begin PBXGroup section */
		8BB1082D1D92F39400CD2238 = {
			isa = PBXGroup;
			children = (
				8BB108381D92F39400CD2238 /* eminenceMusicPlayer */,
				8BB108371D92F39400CD2238 /* Products */,
			);
			sourceTree = "<group>";
		};
		8BB108371D92F39400CD2238 /* Products */ = {
			isa = PBXGroup;
			children = (
				8BB108361D92F39400CD2238 /* eminenceMusicPlayer.app */,
			);
			name = Products;
			sourceTree = "<group>";
		};
		8BB108381D92F39400CD2238 /* eminenceMusicPlayer */ = {
			isa = PBXGroup;
			children = (
				8BB108391D92F39400CD2238 /* AppDelegate.swift */,
				8BB1086D1D92FF5100CD2238 /* MusicManager.swift */,
				8BB108711D93016B00CD2238 /* View Controllers */,
				8BB1086F1D93014C00CD2238 /* UIControls */,
				8BE7446C1D93CC160014DE31 /* Cells */,
				8BB108701D93015800CD2238 /* Assets */,
				8BE7446B1D93CC070014DE31 /* Helpers */,
			);
			path = eminenceMusicPlayer;
			sourceTree = "<group>";
		};
		8BB1086F1D93014C00CD2238 /* UIControls */ = {
			isa = PBXGroup;
			children = (
				8B2C54D61D946307005E1481 /* NowPlayingQuickBar.swift */,
				8B2C54DA1D94781F005E1481 /* NowPlayingQuickBar+SetUp.swift */,
				8BB1084F1D92F3ED00CD2238 /* IconControl.swift */,
				8BB1084D1D92F3E700CD2238 /* SeekBar.swift */,
			);
			name = UIControls;
			sourceTree = "<group>";
		};
		8BB108701D93015800CD2238 /* Assets */ = {
			isa = PBXGroup;
			children = (
				8BB1083F1D92F39400CD2238 /* Main.storyboard */,
				8BB108421D92F39500CD2238 /* Assets.xcassets */,
				8BB108441D92F39500CD2238 /* LaunchScreen.storyboard */,
				8BB108471D92F39500CD2238 /* Info.plist */,
			);
			name = Assets;
			sourceTree = "<group>";
		};
		8BB108711D93016B00CD2238 /* View Controllers */ = {
			isa = PBXGroup;
			children = (
				8BE744681D93BA060014DE31 /* MusicViewController */,
				8BE744671D93B9F60014DE31 /* NowPlayingViewController */,
				8BB108741D9302D600CD2238 /* PlaylistsViewController.swift */,
				8BB108761D9302E200CD2238 /* EqualizerViewController.swift */,
				8BB108781D9302E900CD2238 /* SettingsViewController.swift */,
			);
			name = "View Controllers";
			sourceTree = "<group>";
		};
		8BE744671D93B9F60014DE31 /* NowPlayingViewController */ = {
			isa = PBXGroup;
			children = (
				8BB108861D93629100CD2238 /* NowPlayingViewController.swift */,
				8BE744631D93B96E0014DE31 /* NowPlayingViewController+TimerMethods.swift */,
				8BE744651D93B9CA0014DE31 /* NowPlayingViewController+DisplayMethods.swift */,
				8BB108881D936A8000CD2238 /* NowPlayingViewController+IBActions.swift */,
			);
			name = NowPlayingViewController;
			sourceTree = "<group>";
		};
		8BE744681D93BA060014DE31 /* MusicViewController */ = {
			isa = PBXGroup;
			children = (
				8BB108721D9302B400CD2238 /* MusicViewController.swift */,
				8BB108821D930C7700CD2238 /* MusicViewController+TableViewDelegateDatasource.swift */,
			);
			name = MusicViewController;
			sourceTree = "<group>";
		};
		8BE7446B1D93CC070014DE31 /* Helpers */ = {
			isa = PBXGroup;
			children = (
				8B2C54D81D94645C005E1481 /* Constants.swift */,
				8BE744691D93CBDF0014DE31 /* MPVolumeView+SliderAccess.swift */,
				8B7B948B1D94BCEF005B9B63 /* OpenTabBarController.swift */,
				8BB108841D932CEC00CD2238 /* SideKick.swift */,
			);
			name = Helpers;
			sourceTree = "<group>";
		};
		8BE7446C1D93CC160014DE31 /* Cells */ = {
			isa = PBXGroup;
			children = (
				8BB1087D1D93084500CD2238 /* BasicSongCell.xib */,
				8BB108801D93093C00CD2238 /* BasicSongCell.swift */,
			);
			name = Cells;
			sourceTree = "<group>";
		};
/* End PBXGroup section */

/* Begin PBXNativeTarget section */
		8BB108351D92F39400CD2238 /* eminenceMusicPlayer */ = {
			isa = PBXNativeTarget;
			buildConfigurationList = 8BB1084A1D92F39500CD2238 /* Build configuration list for PBXNativeTarget "eminenceMusicPlayer" */;
			buildPhases = (
				8BB108321D92F39400CD2238 /* Sources */,
				8BB108331D92F39400CD2238 /* Frameworks */,
				8BB108341D92F39400CD2238 /* Resources */,
				8BB108671D92F4ED00CD2238 /* Embed Frameworks */,
			);
			buildRules = (
			);
			dependencies = (
			);
			name = eminenceMusicPlayer;
			productName = eminenceMusicPlayer;
			productReference = 8BB108361D92F39400CD2238 /* eminenceMusicPlayer.app */;
			productType = "com.apple.product-type.application";
		};
/* End PBXNativeTarget section */

/* Begin PBXProject section */
		8BB1082E1D92F39400CD2238 /* Project object */ = {
			isa = PBXProject;
			attributes = {
				LastSwiftUpdateCheck = 0800;
				LastUpgradeCheck = 0800;
				ORGANIZATIONNAME = "Magfurul Abeer";
				TargetAttributes = {
					8BB108351D92F39400CD2238 = {
						CreatedOnToolsVersion = 8.0;
						DevelopmentTeam = TZJ7BHR5V6;
						ProvisioningStyle = Automatic;
					};
				};
			};
			buildConfigurationList = 8BB108311D92F39400CD2238 /* Build configuration list for PBXProject "eminenceMusicPlayer" */;
			compatibilityVersion = "Xcode 3.2";
			developmentRegion = English;
			hasScannedForEncodings = 0;
			knownRegions = (
				en,
				Base,
			);
			mainGroup = 8BB1082D1D92F39400CD2238;
			productRefGroup = 8BB108371D92F39400CD2238 /* Products */;
			projectDirPath = "";
			projectRoot = "";
			targets = (
				8BB108351D92F39400CD2238 /* eminenceMusicPlayer */,
			);
		};
/* End PBXProject section */

/* Begin PBXResourcesBuildPhase section */
		8BB108341D92F39400CD2238 /* Resources */ = {
			isa = PBXResourcesBuildPhase;
			buildActionMask = 2147483647;
			files = (
				8BB108461D92F39500CD2238 /* LaunchScreen.storyboard in Resources */,
				8BB108431D92F39500CD2238 /* Assets.xcassets in Resources */,
				8BB108411D92F39400CD2238 /* Main.storyboard in Resources */,
				8BB1087F1D93084500CD2238 /* BasicSongCell.xib in Resources */,
			);
			runOnlyForDeploymentPostprocessing = 0;
		};
/* End PBXResourcesBuildPhase section */

/* Begin PBXSourcesBuildPhase section */
		8BB108321D92F39400CD2238 /* Sources */ = {
			isa = PBXSourcesBuildPhase;
			buildActionMask = 2147483647;
			files = (
				8BE744661D93B9CA0014DE31 /* NowPlayingViewController+DisplayMethods.swift in Sources */,
				8BB108731D9302B400CD2238 /* MusicViewController.swift in Sources */,
				8BB1084E1D92F3E700CD2238 /* SeekBar.swift in Sources */,
				8B7B948C1D94BCEF005B9B63 /* OpenTabBarController.swift in Sources */,
				8BB108771D9302E200CD2238 /* EqualizerViewController.swift in Sources */,
				8B2C54D71D946307005E1481 /* NowPlayingQuickBar.swift in Sources */,
				8BB1083A1D92F39400CD2238 /* AppDelegate.swift in Sources */,
				8BB108871D93629100CD2238 /* NowPlayingViewController.swift in Sources */,
				8BB108891D936A8000CD2238 /* NowPlayingViewController+IBActions.swift in Sources */,
				8BB108831D930C7700CD2238 /* MusicViewController+TableViewDelegateDatasource.swift in Sources */,
				8BE744641D93B96E0014DE31 /* NowPlayingViewController+TimerMethods.swift in Sources */,
				8BB108501D92F3ED00CD2238 /* IconControl.swift in Sources */,
				8BE7446A1D93CBDF0014DE31 /* MPVolumeView+SliderAccess.swift in Sources */,
				8BB108751D9302D600CD2238 /* PlaylistsViewController.swift in Sources */,
				8BB1086E1D92FF5100CD2238 /* MusicManager.swift in Sources */,
				8BB108851D932CEC00CD2238 /* SideKick.swift in Sources */,
				8BB108791D9302E900CD2238 /* SettingsViewController.swift in Sources */,
				8BB108811D93093C00CD2238 /* BasicSongCell.swift in Sources */,
				8B2C54D91D94645C005E1481 /* Constants.swift in Sources */,
				8B2C54DB1D94781F005E1481 /* NowPlayingQuickBar+SetUp.swift in Sources */,
			);
			runOnlyForDeploymentPostprocessing = 0;
		};
/* End PBXSourcesBuildPhase section */

/* Begin PBXVariantGroup section */
		8BB1083F1D92F39400CD2238 /* Main.storyboard */ = {
			isa = PBXVariantGroup;
			children = (
				8BB108401D92F39400CD2238 /* Base */,
			);
			name = Main.storyboard;
			sourceTree = "<group>";
		};
		8BB108441D92F39500CD2238 /* LaunchScreen.storyboard */ = {
			isa = PBXVariantGroup;
			children = (
				8BB108451D92F39500CD2238 /* Base */,
			);
			name = LaunchScreen.storyboard;
			sourceTree = "<group>";
		};
/* End PBXVariantGroup section */

/* Begin XCBuildConfiguration section */
		8BB108481D92F39500CD2238 /* Debug */ = {
			isa = XCBuildConfiguration;
			buildSettings = {
				ALWAYS_SEARCH_USER_PATHS = NO;
				CLANG_ANALYZER_NONNULL = YES;
				CLANG_CXX_LANGUAGE_STANDARD = "gnu++0x";
				CLANG_CXX_LIBRARY = "libc++";
				CLANG_ENABLE_MODULES = YES;
				CLANG_ENABLE_OBJC_ARC = YES;
				CLANG_WARN_BOOL_CONVERSION = YES;
				CLANG_WARN_CONSTANT_CONVERSION = YES;
				CLANG_WARN_DIRECT_OBJC_ISA_USAGE = YES_ERROR;
				CLANG_WARN_DOCUMENTATION_COMMENTS = YES;
				CLANG_WARN_EMPTY_BODY = YES;
				CLANG_WARN_ENUM_CONVERSION = YES;
				CLANG_WARN_INFINITE_RECURSION = YES;
				CLANG_WARN_INT_CONVERSION = YES;
				CLANG_WARN_OBJC_ROOT_CLASS = YES_ERROR;
				CLANG_WARN_SUSPICIOUS_MOVES = YES;
				CLANG_WARN_UNREACHABLE_CODE = YES;
				CLANG_WARN__DUPLICATE_METHOD_MATCH = YES;
				"CODE_SIGN_IDENTITY[sdk=iphoneos*]" = "iPhone Developer";
				COPY_PHASE_STRIP = NO;
				DEBUG_INFORMATION_FORMAT = dwarf;
				ENABLE_STRICT_OBJC_MSGSEND = YES;
				ENABLE_TESTABILITY = YES;
				GCC_C_LANGUAGE_STANDARD = gnu99;
				GCC_DYNAMIC_NO_PIC = NO;
				GCC_NO_COMMON_BLOCKS = YES;
				GCC_OPTIMIZATION_LEVEL = 0;
				GCC_PREPROCESSOR_DEFINITIONS = (
					"DEBUG=1",
					"$(inherited)",
				);
				GCC_WARN_64_TO_32_BIT_CONVERSION = YES;
				GCC_WARN_ABOUT_RETURN_TYPE = YES_ERROR;
				GCC_WARN_UNDECLARED_SELECTOR = YES;
				GCC_WARN_UNINITIALIZED_AUTOS = YES_AGGRESSIVE;
				GCC_WARN_UNUSED_FUNCTION = YES;
				GCC_WARN_UNUSED_VARIABLE = YES;
				IPHONEOS_DEPLOYMENT_TARGET = 10.0;
				MTL_ENABLE_DEBUG_INFO = YES;
				ONLY_ACTIVE_ARCH = YES;
				SDKROOT = iphoneos;
				SWIFT_ACTIVE_COMPILATION_CONDITIONS = DEBUG;
				SWIFT_OPTIMIZATION_LEVEL = "-Onone";
				TARGETED_DEVICE_FAMILY = "1,2";
			};
			name = Debug;
		};
		8BB108491D92F39500CD2238 /* Release */ = {
			isa = XCBuildConfiguration;
			buildSettings = {
				ALWAYS_SEARCH_USER_PATHS = NO;
				CLANG_ANALYZER_NONNULL = YES;
				CLANG_CXX_LANGUAGE_STANDARD = "gnu++0x";
				CLANG_CXX_LIBRARY = "libc++";
				CLANG_ENABLE_MODULES = YES;
				CLANG_ENABLE_OBJC_ARC = YES;
				CLANG_WARN_BOOL_CONVERSION = YES;
				CLANG_WARN_CONSTANT_CONVERSION = YES;
				CLANG_WARN_DIRECT_OBJC_ISA_USAGE = YES_ERROR;
				CLANG_WARN_DOCUMENTATION_COMMENTS = YES;
				CLANG_WARN_EMPTY_BODY = YES;
				CLANG_WARN_ENUM_CONVERSION = YES;
				CLANG_WARN_INFINITE_RECURSION = YES;
				CLANG_WARN_INT_CONVERSION = YES;
				CLANG_WARN_OBJC_ROOT_CLASS = YES_ERROR;
				CLANG_WARN_SUSPICIOUS_MOVES = YES;
				CLANG_WARN_UNREACHABLE_CODE = YES;
				CLANG_WARN__DUPLICATE_METHOD_MATCH = YES;
				"CODE_SIGN_IDENTITY[sdk=iphoneos*]" = "iPhone Developer";
				COPY_PHASE_STRIP = NO;
				DEBUG_INFORMATION_FORMAT = "dwarf-with-dsym";
				ENABLE_NS_ASSERTIONS = NO;
				ENABLE_STRICT_OBJC_MSGSEND = YES;
				GCC_C_LANGUAGE_STANDARD = gnu99;
				GCC_NO_COMMON_BLOCKS = YES;
				GCC_WARN_64_TO_32_BIT_CONVERSION = YES;
				GCC_WARN_ABOUT_RETURN_TYPE = YES_ERROR;
				GCC_WARN_UNDECLARED_SELECTOR = YES;
				GCC_WARN_UNINITIALIZED_AUTOS = YES_AGGRESSIVE;
				GCC_WARN_UNUSED_FUNCTION = YES;
				GCC_WARN_UNUSED_VARIABLE = YES;
				IPHONEOS_DEPLOYMENT_TARGET = 10.0;
				MTL_ENABLE_DEBUG_INFO = NO;
				SDKROOT = iphoneos;
				SWIFT_OPTIMIZATION_LEVEL = "-Owholemodule";
				TARGETED_DEVICE_FAMILY = "1,2";
				VALIDATE_PRODUCT = YES;
			};
			name = Release;
		};
		8BB1084B1D92F39500CD2238 /* Debug */ = {
			isa = XCBuildConfiguration;
			buildSettings = {
				ALWAYS_EMBED_SWIFT_STANDARD_LIBRARIES = YES;
				ASSETCATALOG_COMPILER_APPICON_NAME = AppIcon;
				"CODE_SIGN_IDENTITY[sdk=iphoneos*]" = "iPhone Developer";
				DEVELOPMENT_TEAM = TZJ7BHR5V6;
				INFOPLIST_FILE = eminenceMusicPlayer/Info.plist;
				LD_RUNPATH_SEARCH_PATHS = "$(inherited) @executable_path/Frameworks";
				PRODUCT_BUNDLE_IDENTIFIER = com.magfurulabeer.eminenceMusicPlayerSwift;
				PRODUCT_NAME = "$(TARGET_NAME)";
				PROVISIONING_PROFILE = "";
				PROVISIONING_PROFILE_SPECIFIER = "";
				SWIFT_VERSION = 3.0;
			};
			name = Debug;
		};
		8BB1084C1D92F39500CD2238 /* Release */ = {
			isa = XCBuildConfiguration;
			buildSettings = {
				ALWAYS_EMBED_SWIFT_STANDARD_LIBRARIES = YES;
				ASSETCATALOG_COMPILER_APPICON_NAME = AppIcon;
				"CODE_SIGN_IDENTITY[sdk=iphoneos*]" = "iPhone Developer";
				DEVELOPMENT_TEAM = TZJ7BHR5V6;
				INFOPLIST_FILE = eminenceMusicPlayer/Info.plist;
				LD_RUNPATH_SEARCH_PATHS = "$(inherited) @executable_path/Frameworks";
				PRODUCT_BUNDLE_IDENTIFIER = com.magfurulabeer.eminenceMusicPlayerSwift;
				PRODUCT_NAME = "$(TARGET_NAME)";
				SWIFT_VERSION = 3.0;
			};
			name = Release;
		};
/* End XCBuildConfiguration section */

/* Begin XCConfigurationList section */
		8BB108311D92F39400CD2238 /* Build configuration list for PBXProject "eminenceMusicPlayer" */ = {
			isa = XCConfigurationList;
			buildConfigurations = (
				8BB108481D92F39500CD2238 /* Debug */,
				8BB108491D92F39500CD2238 /* Release */,
			);
			defaultConfigurationIsVisible = 0;
			defaultConfigurationName = Release;
		};
		8BB1084A1D92F39500CD2238 /* Build configuration list for PBXNativeTarget "eminenceMusicPlayer" */ = {
			isa = XCConfigurationList;
			buildConfigurations = (
				8BB1084B1D92F39500CD2238 /* Debug */,
				8BB1084C1D92F39500CD2238 /* Release */,
			);
			defaultConfigurationIsVisible = 0;
			defaultConfigurationName = Release;
		};
/* End XCConfigurationList section */
	};
	rootObject = 8BB1082E1D92F39400CD2238 /* Project object */;
}
