// !$*UTF8*$!
{
	archiveVersion = 1;
	classes = {
	};
	objectVersion = 46;
	objects = {

/* Begin PBXBuildFile section */
		8B2C54D71D946307005E1481 /* NowPlayingQuickBar.swift in Sources */ = {isa = PBXBuildFile; fileRef = 8B2C54D61D946307005E1481 /* NowPlayingQuickBar.swift */; };
		8B2C54D91D94645C005E1481 /* Constants.swift in Sources */ = {isa = PBXBuildFile; fileRef = 8B2C54D81D94645C005E1481 /* Constants.swift */; };
		8B2C54DB1D94781F005E1481 /* NowPlayingQuickBar+SetUp.swift in Sources */ = {isa = PBXBuildFile; fileRef = 8B2C54DA1D94781F005E1481 /* NowPlayingQuickBar+SetUp.swift */; };
		8B53F7C11D94FC6400778403 /* MenuBar.swift in Sources */ = {isa = PBXBuildFile; fileRef = 8B53F7C01D94FC6400778403 /* MenuBar.swift */; };
		8B666C461D9E2CB60011F78C /* AlbumCollectionCell.swift in Sources */ = {isa = PBXBuildFile; fileRef = 8B666C451D9E2CB60011F78C /* AlbumCollectionCell.swift */; };
		8B666C491D9E2E6B0011F78C /* AlbumCell.swift in Sources */ = {isa = PBXBuildFile; fileRef = 8B666C471D9E2E6B0011F78C /* AlbumCell.swift */; };
		8B666C4A1D9E2E6B0011F78C /* AlbumCell.xib in Resources */ = {isa = PBXBuildFile; fileRef = 8B666C481D9E2E6B0011F78C /* AlbumCell.xib */; };
		8B666C4C1D9E4D260011F78C /* AlbumDetailsView.swift in Sources */ = {isa = PBXBuildFile; fileRef = 8B666C4B1D9E4D260011F78C /* AlbumDetailsView.swift */; };
		8B666C4E1D9E5B940011F78C /* SongTransitioningDelegate.swift in Sources */ = {isa = PBXBuildFile; fileRef = 8B666C4D1D9E5B940011F78C /* SongTransitioningDelegate.swift */; };
		8B6964FC1D9784370037E13F /* SongCell.swift in Sources */ = {isa = PBXBuildFile; fileRef = 8B6964FA1D9784370037E13F /* SongCell.swift */; };
		8B6964FD1D9784370037E13F /* SongCell.xib in Resources */ = {isa = PBXBuildFile; fileRef = 8B6964FB1D9784370037E13F /* SongCell.xib */; };
		8B6964FF1D97982D0037E13F /* LaunchViewController.swift in Sources */ = {isa = PBXBuildFile; fileRef = 8B6964FE1D97982D0037E13F /* LaunchViewController.swift */; };
		8B7B948C1D94BCEF005B9B63 /* OpenTabBarController.swift in Sources */ = {isa = PBXBuildFile; fileRef = 8B7B948B1D94BCEF005B9B63 /* OpenTabBarController.swift */; };
		8B8FE45D1D9901C300A9A85C /* MusicPlayerViewController.swift in Sources */ = {isa = PBXBuildFile; fileRef = 8B8FE45C1D9901C300A9A85C /* MusicPlayerViewController.swift */; };
		8B8FE4621D990C7D00A9A85C /* SongsCollectionCell.swift in Sources */ = {isa = PBXBuildFile; fileRef = 8B8FE4611D990C7D00A9A85C /* SongsCollectionCell.swift */; };
		8B8FE4641D990DDA00A9A85C /* SongsCollectionCell+TableViewDelegateDataSource.swift in Sources */ = {isa = PBXBuildFile; fileRef = 8B8FE4631D990DDA00A9A85C /* SongsCollectionCell+TableViewDelegateDataSource.swift */; };
		8B8FE4661D99122000A9A85C /* SongsCollectionCell+TransitioningDelegate.swift in Sources */ = {isa = PBXBuildFile; fileRef = 8B8FE4651D99122000A9A85C /* SongsCollectionCell+TransitioningDelegate.swift */; };
		8B8FE4681D99136900A9A85C /* MusicPlayerViewController+SetUp.swift in Sources */ = {isa = PBXBuildFile; fileRef = 8B8FE4671D99136900A9A85C /* MusicPlayerViewController+SetUp.swift */; };
		8B8FE46A1D99179000A9A85C /* SongsCollectionCell+Sampling.swift in Sources */ = {isa = PBXBuildFile; fileRef = 8B8FE4691D99179000A9A85C /* SongsCollectionCell+Sampling.swift */; };
		8BAEC9C61D9A446D00F41A74 /* SelectedSongCell.swift in Sources */ = {isa = PBXBuildFile; fileRef = 8BAEC9C41D9A446D00F41A74 /* SelectedSongCell.swift */; };
		8BAEC9C71D9A446D00F41A74 /* SelectedSongCell.xib in Resources */ = {isa = PBXBuildFile; fileRef = 8BAEC9C51D9A446D00F41A74 /* SelectedSongCell.xib */; };
		8BAEC9CD1D9A55AC00F41A74 /* ArtistsCollectionCell.swift in Sources */ = {isa = PBXBuildFile; fileRef = 8BAEC9CB1D9A55AC00F41A74 /* ArtistsCollectionCell.swift */; };
		8BAEC9CE1D9A55AC00F41A74 /* ArtistCollectionCell+TableViewDelegateDataSource.swift in Sources */ = {isa = PBXBuildFile; fileRef = 8BAEC9CC1D9A55AC00F41A74 /* ArtistCollectionCell+TableViewDelegateDataSource.swift */; };
		8BAEC9D11D9A55DB00F41A74 /* ArtistCell.swift in Sources */ = {isa = PBXBuildFile; fileRef = 8BAEC9CF1D9A55DB00F41A74 /* ArtistCell.swift */; };
		8BAEC9D21D9A55DB00F41A74 /* ArtistCell.xib in Resources */ = {isa = PBXBuildFile; fileRef = 8BAEC9D01D9A55DB00F41A74 /* ArtistCell.xib */; };
		8BB1083A1D92F39400CD2238 /* AppDelegate.swift in Sources */ = {isa = PBXBuildFile; fileRef = 8BB108391D92F39400CD2238 /* AppDelegate.swift */; };
		8BB108411D92F39400CD2238 /* Main.storyboard in Resources */ = {isa = PBXBuildFile; fileRef = 8BB1083F1D92F39400CD2238 /* Main.storyboard */; };
		8BB108431D92F39500CD2238 /* Assets.xcassets in Resources */ = {isa = PBXBuildFile; fileRef = 8BB108421D92F39500CD2238 /* Assets.xcassets */; };
		8BB108461D92F39500CD2238 /* LaunchScreen.storyboard in Resources */ = {isa = PBXBuildFile; fileRef = 8BB108441D92F39500CD2238 /* LaunchScreen.storyboard */; };
		8BB1084E1D92F3E700CD2238 /* SeekBar.swift in Sources */ = {isa = PBXBuildFile; fileRef = 8BB1084D1D92F3E700CD2238 /* SeekBar.swift */; };
		8BB1086E1D92FF5100CD2238 /* MusicManager.swift in Sources */ = {isa = PBXBuildFile; fileRef = 8BB1086D1D92FF5100CD2238 /* MusicManager.swift */; };
		8BB108751D9302D600CD2238 /* PlaylistsViewController.swift in Sources */ = {isa = PBXBuildFile; fileRef = 8BB108741D9302D600CD2238 /* PlaylistsViewController.swift */; };
		8BB1087F1D93084500CD2238 /* BasicSongCell.xib in Resources */ = {isa = PBXBuildFile; fileRef = 8BB1087D1D93084500CD2238 /* BasicSongCell.xib */; };
		8BB108811D93093C00CD2238 /* BasicSongCell.swift in Sources */ = {isa = PBXBuildFile; fileRef = 8BB108801D93093C00CD2238 /* BasicSongCell.swift */; };
		8BB108851D932CEC00CD2238 /* SideKick.swift in Sources */ = {isa = PBXBuildFile; fileRef = 8BB108841D932CEC00CD2238 /* SideKick.swift */; };
		8BB108871D93629100CD2238 /* NowPlayingViewController.swift in Sources */ = {isa = PBXBuildFile; fileRef = 8BB108861D93629100CD2238 /* NowPlayingViewController.swift */; };
		8BB108891D936A8000CD2238 /* NowPlayingViewController+IBActions.swift in Sources */ = {isa = PBXBuildFile; fileRef = 8BB108881D936A8000CD2238 /* NowPlayingViewController+IBActions.swift */; };
		8BCBE62B1D9804170038AC74 /* SongTappedAnimator.swift in Sources */ = {isa = PBXBuildFile; fileRef = 8BCBE62A1D9804170038AC74 /* SongTappedAnimator.swift */; };
		8BCBE6351D9880490038AC74 /* SlideDownAnimator.swift in Sources */ = {isa = PBXBuildFile; fileRef = 8BCBE6341D9880490038AC74 /* SlideDownAnimator.swift */; };
		8BCBE6371D9883AE0038AC74 /* NowPlayingViewController+Transitioning.swift in Sources */ = {isa = PBXBuildFile; fileRef = 8BCBE6361D9883AE0038AC74 /* NowPlayingViewController+Transitioning.swift */; };
		8BCBE6391D9885860038AC74 /* SlideDownInteractor.swift in Sources */ = {isa = PBXBuildFile; fileRef = 8BCBE6381D9885860038AC74 /* SlideDownInteractor.swift */; };
		8BDF965F1D94CC4700556AFB /* NowPlayingQuickBar+Actions.swift in Sources */ = {isa = PBXBuildFile; fileRef = 8BDF965E1D94CC4700556AFB /* NowPlayingQuickBar+Actions.swift */; };
		8BE744641D93B96E0014DE31 /* NowPlayingViewController+TimerMethods.swift in Sources */ = {isa = PBXBuildFile; fileRef = 8BE744631D93B96E0014DE31 /* NowPlayingViewController+TimerMethods.swift */; };
		8BE744661D93B9CA0014DE31 /* NowPlayingViewController+DisplayMethods.swift in Sources */ = {isa = PBXBuildFile; fileRef = 8BE744651D93B9CA0014DE31 /* NowPlayingViewController+DisplayMethods.swift */; };
		8BE7446A1D93CBDF0014DE31 /* MPVolumeView+SliderAccess.swift in Sources */ = {isa = PBXBuildFile; fileRef = 8BE744691D93CBDF0014DE31 /* MPVolumeView+SliderAccess.swift */; };
/* End PBXBuildFile section */

/* Begin PBXCopyFilesBuildPhase section */
		8BB108671D92F4ED00CD2238 /* Embed Frameworks */ = {
			isa = PBXCopyFilesBuildPhase;
			buildActionMask = 2147483647;
			dstPath = "";
			dstSubfolderSpec = 10;
			files = (
			);
			name = "Embed Frameworks";
			runOnlyForDeploymentPostprocessing = 0;
		};
/* End PBXCopyFilesBuildPhase section */

/* Begin PBXFileReference section */
		8B2C54D61D946307005E1481 /* NowPlayingQuickBar.swift */ = {isa = PBXFileReference; fileEncoding = 4; lastKnownFileType = sourcecode.swift; path = NowPlayingQuickBar.swift; sourceTree = "<group>"; };
		8B2C54D81D94645C005E1481 /* Constants.swift */ = {isa = PBXFileReference; fileEncoding = 4; lastKnownFileType = sourcecode.swift; path = Constants.swift; sourceTree = "<group>"; };
		8B2C54DA1D94781F005E1481 /* NowPlayingQuickBar+SetUp.swift */ = {isa = PBXFileReference; fileEncoding = 4; lastKnownFileType = sourcecode.swift; path = "NowPlayingQuickBar+SetUp.swift"; sourceTree = "<group>"; };
		8B53F7C01D94FC6400778403 /* MenuBar.swift */ = {isa = PBXFileReference; fileEncoding = 4; lastKnownFileType = sourcecode.swift; path = MenuBar.swift; sourceTree = "<group>"; };
		8B666C451D9E2CB60011F78C /* AlbumCollectionCell.swift */ = {isa = PBXFileReference; fileEncoding = 4; lastKnownFileType = sourcecode.swift; path = AlbumCollectionCell.swift; sourceTree = "<group>"; };
		8B666C471D9E2E6B0011F78C /* AlbumCell.swift */ = {isa = PBXFileReference; fileEncoding = 4; lastKnownFileType = sourcecode.swift; path = AlbumCell.swift; sourceTree = "<group>"; };
		8B666C481D9E2E6B0011F78C /* AlbumCell.xib */ = {isa = PBXFileReference; fileEncoding = 4; lastKnownFileType = file.xib; path = AlbumCell.xib; sourceTree = "<group>"; };
		8B666C4B1D9E4D260011F78C /* AlbumDetailsView.swift */ = {isa = PBXFileReference; fileEncoding = 4; lastKnownFileType = sourcecode.swift; path = AlbumDetailsView.swift; sourceTree = "<group>"; };
		8B666C4D1D9E5B940011F78C /* SongTransitioningDelegate.swift */ = {isa = PBXFileReference; fileEncoding = 4; lastKnownFileType = sourcecode.swift; path = SongTransitioningDelegate.swift; sourceTree = "<group>"; };
		8B6964FA1D9784370037E13F /* SongCell.swift */ = {isa = PBXFileReference; fileEncoding = 4; lastKnownFileType = sourcecode.swift; path = SongCell.swift; sourceTree = "<group>"; };
		8B6964FB1D9784370037E13F /* SongCell.xib */ = {isa = PBXFileReference; fileEncoding = 4; lastKnownFileType = file.xib; path = SongCell.xib; sourceTree = "<group>"; };
		8B6964FE1D97982D0037E13F /* LaunchViewController.swift */ = {isa = PBXFileReference; fileEncoding = 4; lastKnownFileType = sourcecode.swift; path = LaunchViewController.swift; sourceTree = "<group>"; };
		8B7B948B1D94BCEF005B9B63 /* OpenTabBarController.swift */ = {isa = PBXFileReference; fileEncoding = 4; lastKnownFileType = sourcecode.swift; path = OpenTabBarController.swift; sourceTree = "<group>"; };
		8B8FE45C1D9901C300A9A85C /* MusicPlayerViewController.swift */ = {isa = PBXFileReference; fileEncoding = 4; lastKnownFileType = sourcecode.swift; path = MusicPlayerViewController.swift; sourceTree = "<group>"; };
		8B8FE4611D990C7D00A9A85C /* SongsCollectionCell.swift */ = {isa = PBXFileReference; fileEncoding = 4; lastKnownFileType = sourcecode.swift; path = SongsCollectionCell.swift; sourceTree = "<group>"; };
		8B8FE4631D990DDA00A9A85C /* SongsCollectionCell+TableViewDelegateDataSource.swift */ = {isa = PBXFileReference; fileEncoding = 4; lastKnownFileType = sourcecode.swift; path = "SongsCollectionCell+TableViewDelegateDataSource.swift"; sourceTree = "<group>"; };
		8B8FE4651D99122000A9A85C /* SongsCollectionCell+TransitioningDelegate.swift */ = {isa = PBXFileReference; fileEncoding = 4; lastKnownFileType = sourcecode.swift; path = "SongsCollectionCell+TransitioningDelegate.swift"; sourceTree = "<group>"; };
		8B8FE4671D99136900A9A85C /* MusicPlayerViewController+SetUp.swift */ = {isa = PBXFileReference; fileEncoding = 4; lastKnownFileType = sourcecode.swift; path = "MusicPlayerViewController+SetUp.swift"; sourceTree = "<group>"; };
		8B8FE4691D99179000A9A85C /* SongsCollectionCell+Sampling.swift */ = {isa = PBXFileReference; fileEncoding = 4; lastKnownFileType = sourcecode.swift; path = "SongsCollectionCell+Sampling.swift"; sourceTree = "<group>"; };
		8BAEC9C41D9A446D00F41A74 /* SelectedSongCell.swift */ = {isa = PBXFileReference; fileEncoding = 4; lastKnownFileType = sourcecode.swift; path = SelectedSongCell.swift; sourceTree = "<group>"; };
		8BAEC9C51D9A446D00F41A74 /* SelectedSongCell.xib */ = {isa = PBXFileReference; fileEncoding = 4; lastKnownFileType = file.xib; path = SelectedSongCell.xib; sourceTree = "<group>"; };
		8BAEC9CB1D9A55AC00F41A74 /* ArtistsCollectionCell.swift */ = {isa = PBXFileReference; fileEncoding = 4; lastKnownFileType = sourcecode.swift; path = ArtistsCollectionCell.swift; sourceTree = "<group>"; };
		8BAEC9CC1D9A55AC00F41A74 /* ArtistCollectionCell+TableViewDelegateDataSource.swift */ = {isa = PBXFileReference; fileEncoding = 4; lastKnownFileType = sourcecode.swift; path = "ArtistCollectionCell+TableViewDelegateDataSource.swift"; sourceTree = "<group>"; };
		8BAEC9CF1D9A55DB00F41A74 /* ArtistCell.swift */ = {isa = PBXFileReference; fileEncoding = 4; lastKnownFileType = sourcecode.swift; path = ArtistCell.swift; sourceTree = "<group>"; };
		8BAEC9D01D9A55DB00F41A74 /* ArtistCell.xib */ = {isa = PBXFileReference; fileEncoding = 4; lastKnownFileType = file.xib; path = ArtistCell.xib; sourceTree = "<group>"; };
		8BB108361D92F39400CD2238 /* eminenceMusicPlayer.app */ = {isa = PBXFileReference; explicitFileType = wrapper.application; includeInIndex = 0; path = eminenceMusicPlayer.app; sourceTree = BUILT_PRODUCTS_DIR; };
		8BB108391D92F39400CD2238 /* AppDelegate.swift */ = {isa = PBXFileReference; lastKnownFileType = sourcecode.swift; path = AppDelegate.swift; sourceTree = "<group>"; };
		8BB108401D92F39400CD2238 /* Base */ = {isa = PBXFileReference; lastKnownFileType = file.storyboard; name = Base; path = Base.lproj/Main.storyboard; sourceTree = "<group>"; };
		8BB108421D92F39500CD2238 /* Assets.xcassets */ = {isa = PBXFileReference; lastKnownFileType = folder.assetcatalog; path = Assets.xcassets; sourceTree = "<group>"; };
		8BB108451D92F39500CD2238 /* Base */ = {isa = PBXFileReference; lastKnownFileType = file.storyboard; name = Base; path = Base.lproj/LaunchScreen.storyboard; sourceTree = "<group>"; };
		8BB108471D92F39500CD2238 /* Info.plist */ = {isa = PBXFileReference; lastKnownFileType = text.plist.xml; path = Info.plist; sourceTree = "<group>"; };
		8BB1084D1D92F3E700CD2238 /* SeekBar.swift */ = {isa = PBXFileReference; fileEncoding = 4; lastKnownFileType = sourcecode.swift; path = SeekBar.swift; sourceTree = "<group>"; };
		8BB1086D1D92FF5100CD2238 /* MusicManager.swift */ = {isa = PBXFileReference; fileEncoding = 4; lastKnownFileType = sourcecode.swift; path = MusicManager.swift; sourceTree = "<group>"; };
		8BB108741D9302D600CD2238 /* PlaylistsViewController.swift */ = {isa = PBXFileReference; fileEncoding = 4; lastKnownFileType = sourcecode.swift; path = PlaylistsViewController.swift; sourceTree = "<group>"; };
		8BB1087D1D93084500CD2238 /* BasicSongCell.xib */ = {isa = PBXFileReference; fileEncoding = 4; lastKnownFileType = file.xib; path = BasicSongCell.xib; sourceTree = "<group>"; };
		8BB108801D93093C00CD2238 /* BasicSongCell.swift */ = {isa = PBXFileReference; fileEncoding = 4; lastKnownFileType = sourcecode.swift; path = BasicSongCell.swift; sourceTree = "<group>"; };
		8BB108841D932CEC00CD2238 /* SideKick.swift */ = {isa = PBXFileReference; fileEncoding = 4; lastKnownFileType = sourcecode.swift; path = SideKick.swift; sourceTree = "<group>"; };
		8BB108861D93629100CD2238 /* NowPlayingViewController.swift */ = {isa = PBXFileReference; fileEncoding = 4; lastKnownFileType = sourcecode.swift; path = NowPlayingViewController.swift; sourceTree = "<group>"; };
		8BB108881D936A8000CD2238 /* NowPlayingViewController+IBActions.swift */ = {isa = PBXFileReference; fileEncoding = 4; lastKnownFileType = sourcecode.swift; path = "NowPlayingViewController+IBActions.swift"; sourceTree = "<group>"; };
		8BCBE62A1D9804170038AC74 /* SongTappedAnimator.swift */ = {isa = PBXFileReference; fileEncoding = 4; lastKnownFileType = sourcecode.swift; path = SongTappedAnimator.swift; sourceTree = "<group>"; };
		8BCBE6341D9880490038AC74 /* SlideDownAnimator.swift */ = {isa = PBXFileReference; fileEncoding = 4; lastKnownFileType = sourcecode.swift; path = SlideDownAnimator.swift; sourceTree = "<group>"; };
		8BCBE6361D9883AE0038AC74 /* NowPlayingViewController+Transitioning.swift */ = {isa = PBXFileReference; fileEncoding = 4; lastKnownFileType = sourcecode.swift; path = "NowPlayingViewController+Transitioning.swift"; sourceTree = "<group>"; };
		8BCBE6381D9885860038AC74 /* SlideDownInteractor.swift */ = {isa = PBXFileReference; fileEncoding = 4; lastKnownFileType = sourcecode.swift; path = SlideDownInteractor.swift; sourceTree = "<group>"; };
		8BDF965E1D94CC4700556AFB /* NowPlayingQuickBar+Actions.swift */ = {isa = PBXFileReference; fileEncoding = 4; lastKnownFileType = sourcecode.swift; path = "NowPlayingQuickBar+Actions.swift"; sourceTree = "<group>"; };
		8BE744631D93B96E0014DE31 /* NowPlayingViewController+TimerMethods.swift */ = {isa = PBXFileReference; fileEncoding = 4; lastKnownFileType = sourcecode.swift; path = "NowPlayingViewController+TimerMethods.swift"; sourceTree = "<group>"; };
		8BE744651D93B9CA0014DE31 /* NowPlayingViewController+DisplayMethods.swift */ = {isa = PBXFileReference; fileEncoding = 4; lastKnownFileType = sourcecode.swift; path = "NowPlayingViewController+DisplayMethods.swift"; sourceTree = "<group>"; };
		8BE744691D93CBDF0014DE31 /* MPVolumeView+SliderAccess.swift */ = {isa = PBXFileReference; fileEncoding = 4; lastKnownFileType = sourcecode.swift; path = "MPVolumeView+SliderAccess.swift"; sourceTree = "<group>"; };
/* End PBXFileReference section */

/* Begin PBXFrameworksBuildPhase section */
		8BB108331D92F39400CD2238 /* Frameworks */ = {
			isa = PBXFrameworksBuildPhase;
			buildActionMask = 2147483647;
			files = (
			);
			runOnlyForDeploymentPostprocessing = 0;
		};
/* End PBXFrameworksBuildPhase section */

/* Begin PBXGroup section */
		8B4A20A11D991B9E00B8E26F /* SongsCollectionCell */ = {
			isa = PBXGroup;
			children = (
				8B8FE4611D990C7D00A9A85C /* SongsCollectionCell.swift */,
				8B8FE4691D99179000A9A85C /* SongsCollectionCell+Sampling.swift */,
				8B8FE4631D990DDA00A9A85C /* SongsCollectionCell+TableViewDelegateDataSource.swift */,
				8B8FE4651D99122000A9A85C /* SongsCollectionCell+TransitioningDelegate.swift */,
			);
			name = SongsCollectionCell;
			sourceTree = "<group>";
		};
		8B4A20A21D991BD900B8E26F /* NowPlayingQuickBar */ = {
			isa = PBXGroup;
			children = (
				8B2C54D61D946307005E1481 /* NowPlayingQuickBar.swift */,
				8BDF965E1D94CC4700556AFB /* NowPlayingQuickBar+Actions.swift */,
				8B2C54DA1D94781F005E1481 /* NowPlayingQuickBar+SetUp.swift */,
			);
			name = NowPlayingQuickBar;
			sourceTree = "<group>";
		};
		8B666C401D9E2B930011F78C /* Controllers */ = {
			isa = PBXGroup;
			children = (
				8B6964FE1D97982D0037E13F /* LaunchViewController.swift */,
				8B8FE45C1D9901C300A9A85C /* MusicPlayerViewController.swift */,
				8B8FE4671D99136900A9A85C /* MusicPlayerViewController+SetUp.swift */,
				8BE744671D93B9F60014DE31 /* NowPlayingViewController */,
			);
			name = Controllers;
			sourceTree = "<group>";
		};
		8B666C411D9E2BBA0011F78C /* Models */ = {
			isa = PBXGroup;
			children = (
				8BB1086D1D92FF5100CD2238 /* MusicManager.swift */,
			);
			name = Models;
			sourceTree = "<group>";
		};
		8B666C421D9E2BCB0011F78C /* Other */ = {
			isa = PBXGroup;
			children = (
				8BB108471D92F39500CD2238 /* Info.plist */,
				8B2C54D81D94645C005E1481 /* Constants.swift */,
				8B7B948B1D94BCEF005B9B63 /* OpenTabBarController.swift */,
				8BB108391D92F39400CD2238 /* AppDelegate.swift */,
			);
			name = Other;
			sourceTree = "<group>";
		};
		8B666C431D9E2BEF0011F78C /* Storyboards & Xibs */ = {
			isa = PBXGroup;
			children = (
				8B666C481D9E2E6B0011F78C /* AlbumCell.xib */,
				8BB1087D1D93084500CD2238 /* BasicSongCell.xib */,
				8B6964FB1D9784370037E13F /* SongCell.xib */,
				8BAEC9C51D9A446D00F41A74 /* SelectedSongCell.xib */,
				8BAEC9D01D9A55DB00F41A74 /* ArtistCell.xib */,
				8BB108441D92F39500CD2238 /* LaunchScreen.storyboard */,
				8BB1083F1D92F39400CD2238 /* Main.storyboard */,
			);
			name = "Storyboards & Xibs";
			sourceTree = "<group>";
		};
		8B666C441D9E2C200011F78C /* Extensions */ = {
			isa = PBXGroup;
			children = (
				8BE744691D93CBDF0014DE31 /* MPVolumeView+SliderAccess.swift */,
				8BB108841D932CEC00CD2238 /* SideKick.swift */,
			);
			name = Extensions;
			sourceTree = "<group>";
		};
		8B8FE45E1D990C4600A9A85C /* Views */ = {
			isa = PBXGroup;
			children = (
				8B4A20A21D991BD900B8E26F /* NowPlayingQuickBar */,
				8B53F7C01D94FC6400778403 /* MenuBar.swift */,
				8BB1084D1D92F3E700CD2238 /* SeekBar.swift */,
				8BE7446C1D93CC160014DE31 /* Cells */,
				8B666C4B1D9E4D260011F78C /* AlbumDetailsView.swift */,
			);
			name = Views;
			sourceTree = "<group>";
		};
		8BAEC9CA1D9A55A100F41A74 /* ArtistCollectionCell */ = {
			isa = PBXGroup;
			children = (
				8BAEC9CB1D9A55AC00F41A74 /* ArtistsCollectionCell.swift */,
				8BAEC9CC1D9A55AC00F41A74 /* ArtistCollectionCell+TableViewDelegateDataSource.swift */,
			);
			name = ArtistCollectionCell;
			sourceTree = "<group>";
		};
		8BB1082D1D92F39400CD2238 = {
			isa = PBXGroup;
			children = (
				8BB108381D92F39400CD2238 /* eminenceMusicPlayer */,
				8BB108371D92F39400CD2238 /* Products */,
			);
			sourceTree = "<group>";
		};
		8BB108371D92F39400CD2238 /* Products */ = {
			isa = PBXGroup;
			children = (
				8BB108361D92F39400CD2238 /* eminenceMusicPlayer.app */,
			);
			name = Products;
			sourceTree = "<group>";
		};
		8BB108381D92F39400CD2238 /* eminenceMusicPlayer */ = {
			isa = PBXGroup;
			children = (
				8BB108701D93015800CD2238 /* Assets */,
				8B666C401D9E2B930011F78C /* Controllers */,
				8B666C441D9E2C200011F78C /* Extensions */,
				8B666C411D9E2BBA0011F78C /* Models */,
				8B666C421D9E2BCB0011F78C /* Other */,
				8B666C431D9E2BEF0011F78C /* Storyboards & Xibs */,
				8BCBE6291D9803C20038AC74 /* Transitions */,
				8B8FE45E1D990C4600A9A85C /* Views */,
			);
			path = eminenceMusicPlayer;
			sourceTree = "<group>";
		};
		8BB108701D93015800CD2238 /* Assets */ = {
			isa = PBXGroup;
			children = (
				8BB108421D92F39500CD2238 /* Assets.xcassets */,
			);
			name = Assets;
			sourceTree = "<group>";
		};
		8BCBE6291D9803C20038AC74 /* Transitions */ = {
			isa = PBXGroup;
			children = (
				8BCBE62A1D9804170038AC74 /* SongTappedAnimator.swift */,
				8BCBE6341D9880490038AC74 /* SlideDownAnimator.swift */,
				8BCBE6381D9885860038AC74 /* SlideDownInteractor.swift */,
				8B666C4D1D9E5B940011F78C /* SongTransitioningDelegate.swift */,
			);
			name = Transitions;
			sourceTree = "<group>";
		};
		8BE744671D93B9F60014DE31 /* NowPlayingViewController */ = {
			isa = PBXGroup;
			children = (
				8BB108861D93629100CD2238 /* NowPlayingViewController.swift */,
				8BE744631D93B96E0014DE31 /* NowPlayingViewController+TimerMethods.swift */,
				8BE744651D93B9CA0014DE31 /* NowPlayingViewController+DisplayMethods.swift */,
				8BB108881D936A8000CD2238 /* NowPlayingViewController+IBActions.swift */,
				8BCBE6361D9883AE0038AC74 /* NowPlayingViewController+Transitioning.swift */,
				8BB108741D9302D600CD2238 /* PlaylistsViewController.swift */,
			);
			name = NowPlayingViewController;
			sourceTree = "<group>";
		};
		8BE7446C1D93CC160014DE31 /* Cells */ = {
			isa = PBXGroup;
			children = (
				8B666C451D9E2CB60011F78C /* AlbumCollectionCell.swift */,
				8BAEC9CA1D9A55A100F41A74 /* ArtistCollectionCell */,
				8B4A20A11D991B9E00B8E26F /* SongsCollectionCell */,
				8BB108801D93093C00CD2238 /* BasicSongCell.swift */,
				8B6964FA1D9784370037E13F /* SongCell.swift */,
				8BAEC9C41D9A446D00F41A74 /* SelectedSongCell.swift */,
				8BAEC9CF1D9A55DB00F41A74 /* ArtistCell.swift */,
				8B666C471D9E2E6B0011F78C /* AlbumCell.swift */,
			);
			name = Cells;
			sourceTree = "<group>";
		};
/* End PBXGroup section */

/* Begin PBXNativeTarget section */
		8BB108351D92F39400CD2238 /* eminenceMusicPlayer */ = {
			isa = PBXNativeTarget;
			buildConfigurationList = 8BB1084A1D92F39500CD2238 /* Build configuration list for PBXNativeTarget "eminenceMusicPlayer" */;
			buildPhases = (
				8BB108321D92F39400CD2238 /* Sources */,
				8BB108331D92F39400CD2238 /* Frameworks */,
				8BB108341D92F39400CD2238 /* Resources */,
				8BB108671D92F4ED00CD2238 /* Embed Frameworks */,
			);
			buildRules = (
			);
			dependencies = (
			);
			name = eminenceMusicPlayer;
			productName = eminenceMusicPlayer;
			productReference = 8BB108361D92F39400CD2238 /* eminenceMusicPlayer.app */;
			productType = "com.apple.product-type.application";
		};
/* End PBXNativeTarget section */

/* Begin PBXProject section */
		8BB1082E1D92F39400CD2238 /* Project object */ = {
			isa = PBXProject;
			attributes = {
				LastSwiftUpdateCheck = 0800;
				LastUpgradeCheck = 0800;
				ORGANIZATIONNAME = "Magfurul Abeer";
				TargetAttributes = {
					8BB108351D92F39400CD2238 = {
						CreatedOnToolsVersion = 8.0;
						DevelopmentTeam = TZJ7BHR5V6;
						ProvisioningStyle = Automatic;
						SystemCapabilities = {
							com.apple.BackgroundModes = {
								enabled = 1;
							};
						};
					};
				};
			};
			buildConfigurationList = 8BB108311D92F39400CD2238 /* Build configuration list for PBXProject "eminenceMusicPlayer" */;
			compatibilityVersion = "Xcode 3.2";
			developmentRegion = English;
			hasScannedForEncodings = 0;
			knownRegions = (
				en,
				Base,
			);
			mainGroup = 8BB1082D1D92F39400CD2238;
			productRefGroup = 8BB108371D92F39400CD2238 /* Products */;
			projectDirPath = "";
			projectRoot = "";
			targets = (
				8BB108351D92F39400CD2238 /* eminenceMusicPlayer */,
			);
		};
/* End PBXProject section */

/* Begin PBXResourcesBuildPhase section */
		8BB108341D92F39400CD2238 /* Resources */ = {
			isa = PBXResourcesBuildPhase;
			buildActionMask = 2147483647;
			files = (
				8BAEC9D21D9A55DB00F41A74 /* ArtistCell.xib in Resources */,
				8BB108461D92F39500CD2238 /* LaunchScreen.storyboard in Resources */,
				8BAEC9C71D9A446D00F41A74 /* SelectedSongCell.xib in Resources */,
				8B6964FD1D9784370037E13F /* SongCell.xib in Resources */,
				8BB108431D92F39500CD2238 /* Assets.xcassets in Resources */,
				8BB108411D92F39400CD2238 /* Main.storyboard in Resources */,
				8BB1087F1D93084500CD2238 /* BasicSongCell.xib in Resources */,
				8B666C4A1D9E2E6B0011F78C /* AlbumCell.xib in Resources */,
			);
			runOnlyForDeploymentPostprocessing = 0;
		};
/* End PBXResourcesBuildPhase section */

/* Begin PBXSourcesBuildPhase section */
		8BB108321D92F39400CD2238 /* Sources */ = {
			isa = PBXSourcesBuildPhase;
			buildActionMask = 2147483647;
			files = (
				8BDF965F1D94CC4700556AFB /* NowPlayingQuickBar+Actions.swift in Sources */,
				8BE744661D93B9CA0014DE31 /* NowPlayingViewController+DisplayMethods.swift in Sources */,
				8B8FE4681D99136900A9A85C /* MusicPlayerViewController+SetUp.swift in Sources */,
				8B666C4C1D9E4D260011F78C /* AlbumDetailsView.swift in Sources */,
				8BB1084E1D92F3E700CD2238 /* SeekBar.swift in Sources */,
				8B666C4E1D9E5B940011F78C /* SongTransitioningDelegate.swift in Sources */,
				8BCBE6391D9885860038AC74 /* SlideDownInteractor.swift in Sources */,
				8B8FE4641D990DDA00A9A85C /* SongsCollectionCell+TableViewDelegateDataSource.swift in Sources */,
				8B7B948C1D94BCEF005B9B63 /* OpenTabBarController.swift in Sources */,
				8B666C461D9E2CB60011F78C /* AlbumCollectionCell.swift in Sources */,
				8B53F7C11D94FC6400778403 /* MenuBar.swift in Sources */,
				8BAEC9CE1D9A55AC00F41A74 /* ArtistCollectionCell+TableViewDelegateDataSource.swift in Sources */,
				8BCBE6371D9883AE0038AC74 /* NowPlayingViewController+Transitioning.swift in Sources */,
				8BCBE62B1D9804170038AC74 /* SongTappedAnimator.swift in Sources */,
				8BAEC9D11D9A55DB00F41A74 /* ArtistCell.swift in Sources */,
				8B8FE4621D990C7D00A9A85C /* SongsCollectionCell.swift in Sources */,
				8B6964FF1D97982D0037E13F /* LaunchViewController.swift in Sources */,
				8B2C54D71D946307005E1481 /* NowPlayingQuickBar.swift in Sources */,
				8BB1083A1D92F39400CD2238 /* AppDelegate.swift in Sources */,
				8B666C491D9E2E6B0011F78C /* AlbumCell.swift in Sources */,
				8B8FE45D1D9901C300A9A85C /* MusicPlayerViewController.swift in Sources */,
				8BB108871D93629100CD2238 /* NowPlayingViewController.swift in Sources */,
				8BB108891D936A8000CD2238 /* NowPlayingViewController+IBActions.swift in Sources */,
				8BE744641D93B96E0014DE31 /* NowPlayingViewController+TimerMethods.swift in Sources */,
				8BCBE6351D9880490038AC74 /* SlideDownAnimator.swift in Sources */,
				8BE7446A1D93CBDF0014DE31 /* MPVolumeView+SliderAccess.swift in Sources */,
				8BB108751D9302D600CD2238 /* PlaylistsViewController.swift in Sources */,
				8BB1086E1D92FF5100CD2238 /* MusicManager.swift in Sources */,
				8BB108851D932CEC00CD2238 /* SideKick.swift in Sources */,
				8B8FE46A1D99179000A9A85C /* SongsCollectionCell+Sampling.swift in Sources */,
				8BAEC9CD1D9A55AC00F41A74 /* ArtistsCollectionCell.swift in Sources */,
				8B6964FC1D9784370037E13F /* SongCell.swift in Sources */,
				8BAEC9C61D9A446D00F41A74 /* SelectedSongCell.swift in Sources */,
				8BB108811D93093C00CD2238 /* BasicSongCell.swift in Sources */,
				8B2C54D91D94645C005E1481 /* Constants.swift in Sources */,
				8B2C54DB1D94781F005E1481 /* NowPlayingQuickBar+SetUp.swift in Sources */,
				8B8FE4661D99122000A9A85C /* SongsCollectionCell+TransitioningDelegate.swift in Sources */,
			);
			runOnlyForDeploymentPostprocessing = 0;
		};
/* End PBXSourcesBuildPhase section */

/* Begin PBXVariantGroup section */
		8BB1083F1D92F39400CD2238 /* Main.storyboard */ = {
			isa = PBXVariantGroup;
			children = (
				8BB108401D92F39400CD2238 /* Base */,
			);
			name = Main.storyboard;
			sourceTree = "<group>";
		};
		8BB108441D92F39500CD2238 /* LaunchScreen.storyboard */ = {
			isa = PBXVariantGroup;
			children = (
				8BB108451D92F39500CD2238 /* Base */,
			);
			name = LaunchScreen.storyboard;
			sourceTree = "<group>";
		};
/* End PBXVariantGroup section */

/* Begin XCBuildConfiguration section */
		8BB108481D92F39500CD2238 /* Debug */ = {
			isa = XCBuildConfiguration;
			buildSettings = {
				ALWAYS_SEARCH_USER_PATHS = NO;
				CLANG_ANALYZER_NONNULL = YES;
				CLANG_CXX_LANGUAGE_STANDARD = "gnu++0x";
				CLANG_CXX_LIBRARY = "libc++";
				CLANG_ENABLE_MODULES = YES;
				CLANG_ENABLE_OBJC_ARC = YES;
				CLANG_WARN_BOOL_CONVERSION = YES;
				CLANG_WARN_CONSTANT_CONVERSION = YES;
				CLANG_WARN_DIRECT_OBJC_ISA_USAGE = YES_ERROR;
				CLANG_WARN_DOCUMENTATION_COMMENTS = YES;
				CLANG_WARN_EMPTY_BODY = YES;
				CLANG_WARN_ENUM_CONVERSION = YES;
				CLANG_WARN_INFINITE_RECURSION = YES;
				CLANG_WARN_INT_CONVERSION = YES;
				CLANG_WARN_OBJC_ROOT_CLASS = YES_ERROR;
				CLANG_WARN_SUSPICIOUS_MOVES = YES;
				CLANG_WARN_UNREACHABLE_CODE = YES;
				CLANG_WARN__DUPLICATE_METHOD_MATCH = YES;
				"CODE_SIGN_IDENTITY[sdk=iphoneos*]" = "iPhone Developer";
				COPY_PHASE_STRIP = NO;
				DEBUG_INFORMATION_FORMAT = dwarf;
				ENABLE_STRICT_OBJC_MSGSEND = YES;
				ENABLE_TESTABILITY = YES;
				GCC_C_LANGUAGE_STANDARD = gnu99;
				GCC_DYNAMIC_NO_PIC = NO;
				GCC_NO_COMMON_BLOCKS = YES;
				GCC_OPTIMIZATION_LEVEL = 0;
				GCC_PREPROCESSOR_DEFINITIONS = (
					"DEBUG=1",
					"$(inherited)",
				);
				GCC_WARN_64_TO_32_BIT_CONVERSION = YES;
				GCC_WARN_ABOUT_RETURN_TYPE = YES_ERROR;
				GCC_WARN_UNDECLARED_SELECTOR = YES;
				GCC_WARN_UNINITIALIZED_AUTOS = YES_AGGRESSIVE;
				GCC_WARN_UNUSED_FUNCTION = YES;
				GCC_WARN_UNUSED_VARIABLE = YES;
				IPHONEOS_DEPLOYMENT_TARGET = 10.0;
				MTL_ENABLE_DEBUG_INFO = YES;
				ONLY_ACTIVE_ARCH = YES;
				SDKROOT = iphoneos;
				SWIFT_ACTIVE_COMPILATION_CONDITIONS = DEBUG;
				SWIFT_OPTIMIZATION_LEVEL = "-Onone";
				TARGETED_DEVICE_FAMILY = "1,2";
			};
			name = Debug;
		};
		8BB108491D92F39500CD2238 /* Release */ = {
			isa = XCBuildConfiguration;
			buildSettings = {
				ALWAYS_SEARCH_USER_PATHS = NO;
				CLANG_ANALYZER_NONNULL = YES;
				CLANG_CXX_LANGUAGE_STANDARD = "gnu++0x";
				CLANG_CXX_LIBRARY = "libc++";
				CLANG_ENABLE_MODULES = YES;
				CLANG_ENABLE_OBJC_ARC = YES;
				CLANG_WARN_BOOL_CONVERSION = YES;
				CLANG_WARN_CONSTANT_CONVERSION = YES;
				CLANG_WARN_DIRECT_OBJC_ISA_USAGE = YES_ERROR;
				CLANG_WARN_DOCUMENTATION_COMMENTS = YES;
				CLANG_WARN_EMPTY_BODY = YES;
				CLANG_WARN_ENUM_CONVERSION = YES;
				CLANG_WARN_INFINITE_RECURSION = YES;
				CLANG_WARN_INT_CONVERSION = YES;
				CLANG_WARN_OBJC_ROOT_CLASS = YES_ERROR;
				CLANG_WARN_SUSPICIOUS_MOVES = YES;
				CLANG_WARN_UNREACHABLE_CODE = YES;
				CLANG_WARN__DUPLICATE_METHOD_MATCH = YES;
				"CODE_SIGN_IDENTITY[sdk=iphoneos*]" = "iPhone Developer";
				COPY_PHASE_STRIP = NO;
				DEBUG_INFORMATION_FORMAT = "dwarf-with-dsym";
				ENABLE_NS_ASSERTIONS = NO;
				ENABLE_STRICT_OBJC_MSGSEND = YES;
				GCC_C_LANGUAGE_STANDARD = gnu99;
				GCC_NO_COMMON_BLOCKS = YES;
				GCC_WARN_64_TO_32_BIT_CONVERSION = YES;
				GCC_WARN_ABOUT_RETURN_TYPE = YES_ERROR;
				GCC_WARN_UNDECLARED_SELECTOR = YES;
				GCC_WARN_UNINITIALIZED_AUTOS = YES_AGGRESSIVE;
				GCC_WARN_UNUSED_FUNCTION = YES;
				GCC_WARN_UNUSED_VARIABLE = YES;
				IPHONEOS_DEPLOYMENT_TARGET = 10.0;
				MTL_ENABLE_DEBUG_INFO = NO;
				SDKROOT = iphoneos;
				SWIFT_OPTIMIZATION_LEVEL = "-Owholemodule";
				TARGETED_DEVICE_FAMILY = "1,2";
				VALIDATE_PRODUCT = YES;
			};
			name = Release;
		};
		8BB1084B1D92F39500CD2238 /* Debug */ = {
			isa = XCBuildConfiguration;
			buildSettings = {
				ALWAYS_EMBED_SWIFT_STANDARD_LIBRARIES = YES;
				ASSETCATALOG_COMPILER_APPICON_NAME = AppIcon;
				"CODE_SIGN_IDENTITY[sdk=iphoneos*]" = "iPhone Developer";
				DEVELOPMENT_TEAM = TZJ7BHR5V6;
				INFOPLIST_FILE = eminenceMusicPlayer/Info.plist;
				LD_RUNPATH_SEARCH_PATHS = "$(inherited) @executable_path/Frameworks";
				PRODUCT_BUNDLE_IDENTIFIER = com.magfurulabeer.eminence;
				PRODUCT_NAME = "$(TARGET_NAME)";
				PROVISIONING_PROFILE = "";
				PROVISIONING_PROFILE_SPECIFIER = "";
				SWIFT_VERSION = 3.0;
			};
			name = Debug;
		};
		8BB1084C1D92F39500CD2238 /* Release */ = {
			isa = XCBuildConfiguration;
			buildSettings = {
				ALWAYS_EMBED_SWIFT_STANDARD_LIBRARIES = YES;
				ASSETCATALOG_COMPILER_APPICON_NAME = AppIcon;
				"CODE_SIGN_IDENTITY[sdk=iphoneos*]" = "iPhone Developer";
				DEVELOPMENT_TEAM = TZJ7BHR5V6;
				INFOPLIST_FILE = eminenceMusicPlayer/Info.plist;
				LD_RUNPATH_SEARCH_PATHS = "$(inherited) @executable_path/Frameworks";
				PRODUCT_BUNDLE_IDENTIFIER = com.magfurulabeer.eminence;
				PRODUCT_NAME = "$(TARGET_NAME)";
				SWIFT_VERSION = 3.0;
			};
			name = Release;
		};
/* End XCBuildConfiguration section */

/* Begin XCConfigurationList section */
		8BB108311D92F39400CD2238 /* Build configuration list for PBXProject "eminenceMusicPlayer" */ = {
			isa = XCConfigurationList;
			buildConfigurations = (
				8BB108481D92F39500CD2238 /* Debug */,
				8BB108491D92F39500CD2238 /* Release */,
			);
			defaultConfigurationIsVisible = 0;
			defaultConfigurationName = Release;
		};
		8BB1084A1D92F39500CD2238 /* Build configuration list for PBXNativeTarget "eminenceMusicPlayer" */ = {
			isa = XCConfigurationList;
			buildConfigurations = (
				8BB1084B1D92F39500CD2238 /* Debug */,
				8BB1084C1D92F39500CD2238 /* Release */,
			);
			defaultConfigurationIsVisible = 0;
			defaultConfigurationName = Release;
		};
/* End XCConfigurationList section */
	};
	rootObject = 8BB1082E1D92F39400CD2238 /* Project object */;
}
